
Microsoft Visual Studio Solution File, Format Version 11.00
# Visual C# Express 2010
Project("{FAE04EC0-301F-11D3-BF4B-00C04F79EFBC}") = "QuarterLastTask", "QuarterLastTask\QuarterLastTask.csproj", "{51414884-0AD8-4AB3-B827-4DE5CB0F330D}"
EndProject
Global
	GlobalSection(SolutionConfigurationPlatforms) = preSolution
		Debug|x86 = Debug|x86
		Release|x86 = Release|x86
	EndGlobalSection
	GlobalSection(ProjectConfigurationPlatforms) = postSolution
		{51414884-0AD8-4AB3-B827-4DE5CB0F330D}.Debug|x86.ActiveCfg = Debug|x86
		{51414884-0AD8-4AB3-B827-4DE5CB0F330D}.Debug|x86.Build.0 = Debug|x86
		{51414884-0AD8-4AB3-B827-4DE5CB0F330D}.Release|x86.ActiveCfg = Release|x86
		{51414884-0AD8-4AB3-B827-4DE5CB0F330D}.Release|x86.Build.0 = Release|x86
	EndGlobalSection
	GlobalSection(SolutionProperties) = preSolution
		HideSolutionNode = FALSE
	EndGlobalSection
EndGlobal
